
Microsoft Visual Studio Solution File, Format Version 12.00
# Visual Studio Version 16
VisualStudioVersion = 16.0.31321.278
MinimumVisualStudioVersion = 10.0.40219.1
Project("{2150E333-8FDC-42A3-9474-1A3956D46DE8}") = "DS1", "DS1", "{964E5BA2-16E1-480A-920F-395256458D2A}"
EndProject
Project("{9A19103F-16F7-4668-BE54-9A1E7A4F7556}") = "DS1core", "DS1core\DS1core.csproj", "{54CC4F0D-4594-47A2-A1E3-4055887D1EBD}"
EndProject
Project("{FAE04EC0-301F-11D3-BF4B-00C04F79EFBC}") = "DS1downloader", "DS1downloader\DS1downloader.csproj", "{497C9892-8EA6-44BF-BE4D-278A909958F2}"
EndProject
Global
	GlobalSection(SolutionConfigurationPlatforms) = preSolution
		Debug|Any CPU = Debug|Any CPU
		Release|Any CPU = Release|Any CPU
	EndGlobalSection
	GlobalSection(ProjectConfigurationPlatforms) = postSolution
		{54CC4F0D-4594-47A2-A1E3-4055887D1EBD}.Debug|Any CPU.ActiveCfg = Debug|Any CPU
		{54CC4F0D-4594-47A2-A1E3-4055887D1EBD}.Debug|Any CPU.Build.0 = Debug|Any CPU
		{54CC4F0D-4594-47A2-A1E3-4055887D1EBD}.Release|Any CPU.ActiveCfg = Release|Any CPU
		{54CC4F0D-4594-47A2-A1E3-4055887D1EBD}.Release|Any CPU.Build.0 = Release|Any CPU
		{497C9892-8EA6-44BF-BE4D-278A909958F2}.Debug|Any CPU.ActiveCfg = Debug|Any CPU
		{497C9892-8EA6-44BF-BE4D-278A909958F2}.Debug|Any CPU.Build.0 = Debug|Any CPU
		{497C9892-8EA6-44BF-BE4D-278A909958F2}.Release|Any CPU.ActiveCfg = Release|Any CPU
		{497C9892-8EA6-44BF-BE4D-278A909958F2}.Release|Any CPU.Build.0 = Release|Any CPU
	EndGlobalSection
	GlobalSection(SolutionProperties) = preSolution
		HideSolutionNode = FALSE
	EndGlobalSection
	GlobalSection(NestedProjects) = preSolution
		{54CC4F0D-4594-47A2-A1E3-4055887D1EBD} = {964E5BA2-16E1-480A-920F-395256458D2A}
		{497C9892-8EA6-44BF-BE4D-278A909958F2} = {964E5BA2-16E1-480A-920F-395256458D2A}
	EndGlobalSection
	GlobalSection(ExtensibilityGlobals) = postSolution
		SolutionGuid = {2F85CFD6-4E86-4308-A838-D1A02B84CA6D}
	EndGlobalSection
EndGlobal
